
Microsoft Visual Studio Solution File, Format Version 12.00
Project("{FAE04EC0-301F-11D3-BF4B-00C04F79EFBC}") = "UI", "UI\UI.csproj", "{328B2509-9131-40C8-AB94-B664D2B009E7}"
EndProject
Project("{FAE04EC0-301F-11D3-BF4B-00C04F79EFBC}") = "I_hate_working_with_files", "I_hate_working_with_files\I_hate_working_with_files.csproj", "{5C28D8CF-1FA3-42DC-AE97-5042416838E0}"
EndProject
Global
	GlobalSection(SolutionConfigurationPlatforms) = preSolution
		Debug|Any CPU = Debug|Any CPU
		Release|Any CPU = Release|Any CPU
	EndGlobalSection
	GlobalSection(ProjectConfigurationPlatforms) = postSolution
		{328B2509-9131-40C8-AB94-B664D2B009E7}.Debug|Any CPU.ActiveCfg = Debug|Any CPU
		{328B2509-9131-40C8-AB94-B664D2B009E7}.Debug|Any CPU.Build.0 = Debug|Any CPU
		{328B2509-9131-40C8-AB94-B664D2B009E7}.Release|Any CPU.ActiveCfg = Release|Any CPU
		{328B2509-9131-40C8-AB94-B664D2B009E7}.Release|Any CPU.Build.0 = Release|Any CPU
		{5C28D8CF-1FA3-42DC-AE97-5042416838E0}.Debug|Any CPU.ActiveCfg = Debug|Any CPU
		{5C28D8CF-1FA3-42DC-AE97-5042416838E0}.Debug|Any CPU.Build.0 = Debug|Any CPU
		{5C28D8CF-1FA3-42DC-AE97-5042416838E0}.Release|Any CPU.ActiveCfg = Release|Any CPU
		{5C28D8CF-1FA3-42DC-AE97-5042416838E0}.Release|Any CPU.Build.0 = Release|Any CPU
	EndGlobalSection
EndGlobal
